{
    "_readme": [
        "This file locks the dependencies of your project to a known state",
        "Read more about it at https://getcomposer.org/doc/01-basic-usage.md#installing-dependencies",
        "This file is @generated automatically"
    ],
    "content-hash": "c3737b6c6f8ca1b225790673c25059a6",
    "packages": [
        {
            "name": "henck/rtf-to-html",
            "version": "1.1",
            "source": {
                "type": "git",
                "url": "https://github.com/henck/rtf-html-php.git",
                "reference": "331fe7f4967689cc1dab8f06fe7f91b6f1e895f9"
            },
            "dist": {
                "type": "zip",
                "url": "https://api.github.com/repos/henck/rtf-html-php/zipball/331fe7f4967689cc1dab8f06fe7f91b6f1e895f9",
                "reference": "331fe7f4967689cc1dab8f06fe7f91b6f1e895f9",
                "shasum": ""
            },
            "require-dev": {
                "phpunit/phpunit": "7"
            },
            "type": "library",
            "autoload": {
                "psr-4": {
                    "RtfHtmlPhp\\": "src/"
                }
            },
            "notification-url": "https://packagist.org/downloads/",
            "license": [
                "GPL-2.0"
            ],
            "authors": [
                {
                    "name": "Alexander van Oostenrijk",
                    "email": "alex.vanoostenrijk@gmail.com"
                }
            ],
            "description": "RTF to HTML converter in PHP",
            "keywords": [
                "converter",
                "rtf"
            ],
            "time": "2019-10-02T10:16:43+00:00"
        },
        {
            "name": "malios/php-to-ascii-table",
            "version": "v2.0",
            "source": {
                "type": "git",
                "url": "https://github.com/malios/php-to-ascii-table.git",
                "reference": "f9a2894d08dac43b8d15e839ef1628573a3ea259"
            },
            "dist": {
                "type": "zip",
                "url": "https://api.github.com/repos/malios/php-to-ascii-table/zipball/f9a2894d08dac43b8d15e839ef1628573a3ea259",
                "reference": "f9a2894d08dac43b8d15e839ef1628573a3ea259",
                "shasum": ""
            },
            "require": {
                "ext-mbstring": "*",
                "php": "^7",
                "php-ds/php-ds": "^1.1"
            },
            "require-dev": {
                "phpunit/phpunit": "@stable",
                "vimeo/psalm": "@stable"
            },
            "type": "library",
            "autoload": {
                "psr-4": {
                    "AsciiTable\\": "src/"
                }
            },
            "notification-url": "https://packagist.org/downloads/",
            "license": [
                "MIT"
            ],
            "authors": [
                {
                    "name": "Mehmed Aliosman",
                    "email": "dev.mehmed.aliosman@gmail.com"
                }
            ],
            "description": "A PHP library to generate plain text tables.",
            "keywords": [
                "ascii",
                "php",
                "plain text table",
                "table"
            ],
            "time": "2020-01-21T09:14:39+00:00"
        },
        {
            "name": "monolog/monolog",
            "version": "2.0.1",
            "source": {
                "type": "git",
                "url": "https://github.com/Seldaek/monolog.git",
                "reference": "f9d56fd2f5533322caccdfcddbb56aedd622ef1c"
            },
            "dist": {
                "type": "zip",
                "url": "https://api.github.com/repos/Seldaek/monolog/zipball/f9d56fd2f5533322caccdfcddbb56aedd622ef1c",
                "reference": "f9d56fd2f5533322caccdfcddbb56aedd622ef1c",
                "shasum": ""
            },
            "require": {
                "php": "^7.2",
                "psr/log": "^1.0.1"
            },
            "provide": {
                "psr/log-implementation": "1.0.0"
            },
            "require-dev": {
                "aws/aws-sdk-php": "^2.4.9 || ^3.0",
                "doctrine/couchdb": "~1.0@dev",
                "elasticsearch/elasticsearch": "^6.0",
                "graylog2/gelf-php": "^1.4.2",
                "jakub-onderka/php-parallel-lint": "^0.9",
                "php-amqplib/php-amqplib": "~2.4",
                "php-console/php-console": "^3.1.3",
                "phpspec/prophecy": "^1.6.1",
                "phpunit/phpunit": "^8.3",
                "predis/predis": "^1.1",
                "rollbar/rollbar": "^1.3",
                "ruflin/elastica": ">=0.90 <3.0",
                "swiftmailer/swiftmailer": "^5.3|^6.0"
            },
            "suggest": {
                "aws/aws-sdk-php": "Allow sending log messages to AWS services like DynamoDB",
                "doctrine/couchdb": "Allow sending log messages to a CouchDB server",
                "elasticsearch/elasticsearch": "Allow sending log messages to an Elasticsearch server via official client",
                "ext-amqp": "Allow sending log messages to an AMQP server (1.0+ required)",
                "ext-mbstring": "Allow to work properly with unicode symbols",
                "ext-mongodb": "Allow sending log messages to a MongoDB server (via driver)",
                "graylog2/gelf-php": "Allow sending log messages to a GrayLog2 server",
                "mongodb/mongodb": "Allow sending log messages to a MongoDB server (via library)",
                "php-amqplib/php-amqplib": "Allow sending log messages to an AMQP server using php-amqplib",
                "php-console/php-console": "Allow sending log messages to Google Chrome",
                "rollbar/rollbar": "Allow sending log messages to Rollbar",
                "ruflin/elastica": "Allow sending log messages to an Elastic Search server"
            },
            "type": "library",
            "extra": {
                "branch-alias": {
                    "dev-master": "2.x-dev"
                }
            },
            "autoload": {
                "psr-4": {
                    "Monolog\\": "src/Monolog"
                }
            },
            "notification-url": "https://packagist.org/downloads/",
            "license": [
                "MIT"
            ],
            "authors": [
                {
                    "name": "Jordi Boggiano",
                    "email": "j.boggiano@seld.be",
                    "homepage": "http://seld.be"
                }
            ],
            "description": "Sends your logs to files, sockets, inboxes, databases and various web services",
            "homepage": "http://github.com/Seldaek/monolog",
            "keywords": [
                "log",
                "logging",
                "psr-3"
            ],
            "time": "2019-11-13T10:27:43+00:00"
        },
        {
            "name": "php-ds/php-ds",
            "version": "v1.2.0",
            "source": {
                "type": "git",
                "url": "https://github.com/php-ds/polyfill.git",
                "reference": "27bed3897f9c801604f5bdcb65b71eb61ec80099"
            },
            "dist": {
                "type": "zip",
                "url": "https://api.github.com/repos/php-ds/polyfill/zipball/27bed3897f9c801604f5bdcb65b71eb61ec80099",
                "reference": "27bed3897f9c801604f5bdcb65b71eb61ec80099",
                "shasum": ""
            },
            "require": {
                "php": ">=7.0.0"
            },
            "require-dev": {
                "php-ds/tests": "^1.2"
            },
            "suggest": {
                "ext-ds": "to improve performance and reduce memory usage"
            },
            "type": "library",
            "autoload": {
                "psr-4": {
                    "Ds\\": "src"
                }
            },
            "notification-url": "https://packagist.org/downloads/",
            "license": [
                "MIT"
            ],
            "authors": [
                {
                    "name": "Rudi Theunissen",
                    "email": "rudolf.theunissen@gmail.com"
                }
            ],
            "keywords": [
                "data structures",
                "ds",
                "php",
                "polyfill"
            ],
            "time": "2017-08-03T02:03:34+00:00"
        },
        {
            "name": "psr/log",
            "version": "1.1.2",
            "source": {
                "type": "git",
                "url": "https://github.com/php-fig/log.git",
                "reference": "446d54b4cb6bf489fc9d75f55843658e6f25d801"
            },
            "dist": {
                "type": "zip",
                "url": "https://api.github.com/repos/php-fig/log/zipball/446d54b4cb6bf489fc9d75f55843658e6f25d801",
                "reference": "446d54b4cb6bf489fc9d75f55843658e6f25d801",
                "shasum": ""
            },
            "require": {
                "php": ">=5.3.0"
            },
            "type": "library",
            "extra": {
                "branch-alias": {
                    "dev-master": "1.1.x-dev"
                }
            },
            "autoload": {
                "psr-4": {
                    "Psr\\Log\\": "Psr/Log/"
                }
            },
            "notification-url": "https://packagist.org/downloads/",
            "license": [
                "MIT"
            ],
            "authors": [
                {
                    "name": "PHP-FIG",
                    "homepage": "http://www.php-fig.org/"
                }
            ],
            "description": "Common interface for logging libraries",
            "homepage": "https://github.com/php-fig/log",
            "keywords": [
                "log",
                "psr",
                "psr-3"
            ],
            "time": "2019-11-01T11:05:21+00:00"
        },
        {
            "name": "smalot/pdfparser",
            "version": "v0.14.0",
            "source": {
                "type": "git",
                "url": "https://github.com/smalot/pdfparser.git",
                "reference": "ec72a99028ba5e21a0acad92047b85e128cbf81f"
            },
            "dist": {
                "type": "zip",
                "url": "https://api.github.com/repos/smalot/pdfparser/zipball/ec72a99028ba5e21a0acad92047b85e128cbf81f",
                "reference": "ec72a99028ba5e21a0acad92047b85e128cbf81f",
                "shasum": ""
            },
            "require": {
                "ext-mbstring": "*",
                "ext-zlib": "*",
                "php": ">=5.3.0",
                "tecnickcom/tcpdf": "~6.0"
            },
            "require-dev": {
                "atoum/atoum": "^2.8 | ^3.0"
            },
            "type": "library",
            "autoload": {
                "psr-0": {
                    "Smalot\\PdfParser\\": "src/"
                }
            },
            "notification-url": "https://packagist.org/downloads/",
            "license": [
                "LGPL-3.0"
            ],
            "authors": [
                {
                    "name": "Sebastien Malot",
                    "email": "sebastien@malot.fr"
                }
            ],
            "description": "Pdf parser library. Can read and extract information from pdf file.",
            "homepage": "http://www.pdfparser.org",
            "keywords": [
                "extract",
                "parse",
                "parser",
                "pdf",
                "text"
            ],
            "time": "2019-01-23T09:14:37+00:00"
        },
        {
            "name": "tecnickcom/tcpdf",
            "version": "6.3.2",
            "source": {
                "type": "git",
                "url": "https://github.com/tecnickcom/TCPDF.git",
                "reference": "9fde7bb9b404b945e7ea88fb7eccd23d9a4e324b"
            },
            "dist": {
                "type": "zip",
                "url": "https://api.github.com/repos/tecnickcom/TCPDF/zipball/9fde7bb9b404b945e7ea88fb7eccd23d9a4e324b",
                "reference": "9fde7bb9b404b945e7ea88fb7eccd23d9a4e324b",
                "shasum": ""
            },
            "require": {
                "php": ">=5.3.0"
            },
            "type": "library",
            "autoload": {
                "classmap": [
                    "config",
                    "include",
                    "tcpdf.php",
                    "tcpdf_parser.php",
                    "tcpdf_import.php",
                    "tcpdf_barcodes_1d.php",
                    "tcpdf_barcodes_2d.php",
                    "include/tcpdf_colors.php",
                    "include/tcpdf_filters.php",
                    "include/tcpdf_font_data.php",
                    "include/tcpdf_fonts.php",
                    "include/tcpdf_images.php",
                    "include/tcpdf_static.php",
                    "include/barcodes/datamatrix.php",
                    "include/barcodes/pdf417.php",
                    "include/barcodes/qrcode.php"
                ]
            },
            "notification-url": "https://packagist.org/downloads/",
            "license": [
                "LGPL-3.0"
            ],
            "authors": [
                {
                    "name": "Nicola Asuni",
                    "email": "info@tecnick.com",
                    "role": "lead"
                }
            ],
            "description": "TCPDF is a PHP class for generating PDF documents and barcodes.",
            "homepage": "http://www.tcpdf.org/",
            "keywords": [
                "PDFD32000-2008",
                "TCPDF",
                "barcodes",
                "datamatrix",
                "pdf",
                "pdf417",
                "qrcode"
            ],
            "time": "2019-09-20T09:35:01+00:00"
        },
        {
            "name": "wamania/php-stemmer",
            "version": "1.2",
            "source": {
                "type": "git",
                "url": "https://github.com/wamania/php-stemmer.git",
                "reference": "6cc76829bddd46f7ae7678e0bf87a0c872c8cf58"
            },
            "dist": {
                "type": "zip",
                "url": "https://api.github.com/repos/wamania/php-stemmer/zipball/6cc76829bddd46f7ae7678e0bf87a0c872c8cf58",
                "reference": "6cc76829bddd46f7ae7678e0bf87a0c872c8cf58",
                "shasum": ""
            },
            "require": {
                "php": ">=5.3.0"
            },
            "require-dev": {
                "phpunit/phpunit": "^4.8"
            },
            "type": "library",
            "autoload": {
                "psr-4": {
                    "Wamania\\Snowball\\": "src/"
                }
            },
            "notification-url": "https://packagist.org/downloads/",
            "license": [
                "MIT"
            ],
            "authors": [
                {
                    "name": "Wamania",
                    "homepage": "http://wamania.com"
                }
            ],
            "description": "Native PHP5 Stemmer",
            "keywords": [
                "php",
                "porter",
                "stemmer"
            ],
            "time": "2017-01-27T17:16:44+00:00"
        }
    ],
    "packages-dev": [],
    "aliases": [],
    "minimum-stability": "stable",
    "stability-flags": [],
    "prefer-stable": false,
    "prefer-lowest": false,
    "platform": {
        "php": ">=7.0"
    },
    "platform-dev": []
}
